Microsoft Visual Studio Solution File, Format Version 12.00
# Visual Studio Version 17
VisualStudioVersion = 17.5.2.0
MinimumVisualStudioVersion = 10.0.40219.1
Project("{FAE04EC0-301F-11D3-BF4B-00C04F79EFBC}") = "SnippInternalIdentity.AuthApi", "SnippInternalIdentity.AuthApi.csproj", "{7A544CB2-0C75-8E2D-35F2-6F83E058E56E}"
EndProject
Global
	GlobalSection(SolutionConfigurationPlatforms) = preSolution
		Debug|Any CPU = Debug|Any CPU
		Release|Any CPU = Release|Any CPU
	EndGlobalSection
	GlobalSection(ProjectConfigurationPlatforms) = postSolution
		{7A544CB2-0C75-8E2D-35F2-6F83E058E56E}.Debug|Any CPU.ActiveCfg = Debug|Any CPU
		{7A544CB2-0C75-8E2D-35F2-6F83E058E56E}.Debug|Any CPU.Build.0 = Debug|Any CPU
		{7A544CB2-0C75-8E2D-35F2-6F83E058E56E}.Release|Any CPU.ActiveCfg = Release|Any CPU
		{7A544CB2-0C75-8E2D-35F2-6F83E058E56E}.Release|Any CPU.Build.0 = Release|Any CPU
	EndGlobalSection
	GlobalSection(SolutionProperties) = preSolution
		HideSolutionNode = FALSE
	EndGlobalSection
	GlobalSection(ExtensibilityGlobals) = postSolution
		SolutionGuid = {16D43456-928A-42FA-9DFF-5CAE35338A6E}
	EndGlobalSection
EndGlobal
